
Microsoft Visual Studio Solution File, Format Version 12.00
# Visual Studio Version 16
VisualStudioVersion = 16.0.31702.278
MinimumVisualStudioVersion = 10.0.40219.1
Project("{FAE04EC0-301F-11D3-BF4B-00C04F79EFBC}") = "Metroit.Win.GcSpread", "Metroit.Win.GcSpread\Metroit.Win.GcSpread.csproj", "{FFCA6A8D-E4E8-472F-ADDB-FDBAB8A6AA25}"
EndProject
Project("{FAE04EC0-301F-11D3-BF4B-00C04F79EFBC}") = "Metroit.Win.GcSpread.Test", "Metroit.Win.GcSpread.Test\Metroit.Win.GcSpread.Test.csproj", "{5BC0B669-B797-4A42-998E-F942EC623EBB}"
EndProject
Global
	GlobalSection(SolutionConfigurationPlatforms) = preSolution
		Debug|Any CPU = Debug|Any CPU
		Release|Any CPU = Release|Any CPU
	EndGlobalSection
	GlobalSection(ProjectConfigurationPlatforms) = postSolution
		{FFCA6A8D-E4E8-472F-ADDB-FDBAB8A6AA25}.Debug|Any CPU.ActiveCfg = Debug|Any CPU
		{FFCA6A8D-E4E8-472F-ADDB-FDBAB8A6AA25}.Debug|Any CPU.Build.0 = Debug|Any CPU
		{FFCA6A8D-E4E8-472F-ADDB-FDBAB8A6AA25}.Release|Any CPU.ActiveCfg = Release|Any CPU
		{FFCA6A8D-E4E8-472F-ADDB-FDBAB8A6AA25}.Release|Any CPU.Build.0 = Release|Any CPU
		{5BC0B669-B797-4A42-998E-F942EC623EBB}.Debug|Any CPU.ActiveCfg = Debug|Any CPU
		{5BC0B669-B797-4A42-998E-F942EC623EBB}.Debug|Any CPU.Build.0 = Debug|Any CPU
		{5BC0B669-B797-4A42-998E-F942EC623EBB}.Release|Any CPU.ActiveCfg = Release|Any CPU
		{5BC0B669-B797-4A42-998E-F942EC623EBB}.Release|Any CPU.Build.0 = Release|Any CPU
	EndGlobalSection
	GlobalSection(SolutionProperties) = preSolution
		HideSolutionNode = FALSE
	EndGlobalSection
	GlobalSection(ExtensibilityGlobals) = postSolution
		SolutionGuid = {757B415C-83BD-4CF5-BAFB-B9FE99F6F784}
	EndGlobalSection
EndGlobal
